
Microsoft Visual Studio Solution File, Format Version 12.00
# Visual Studio Version 17
VisualStudioVersion = 17.13.35931.197 d17.13
MinimumVisualStudioVersion = 10.0.40219.1
Project("{FAE04EC0-301F-11D3-BF4B-00C04F79EFBC}") = "PI0924_Aulas", "PI0924_Aulas\PI0924_Aulas.csproj", "{7165DA55-2153-49AF-83D2-9C3E747DAEFA}"
EndProject
Global
	GlobalSection(SolutionConfigurationPlatforms) = preSolution
		Debug|Any CPU = Debug|Any CPU
		Release|Any CPU = Release|Any CPU
	EndGlobalSection
	GlobalSection(ProjectConfigurationPlatforms) = postSolution
		{7165DA55-2153-49AF-83D2-9C3E747DAEFA}.Debug|Any CPU.ActiveCfg = Debug|Any CPU
		{7165DA55-2153-49AF-83D2-9C3E747DAEFA}.Debug|Any CPU.Build.0 = Debug|Any CPU
		{7165DA55-2153-49AF-83D2-9C3E747DAEFA}.Release|Any CPU.ActiveCfg = Release|Any CPU
		{7165DA55-2153-49AF-83D2-9C3E747DAEFA}.Release|Any CPU.Build.0 = Release|Any CPU
	EndGlobalSection
	GlobalSection(SolutionProperties) = preSolution
		HideSolutionNode = FALSE
	EndGlobalSection
	GlobalSection(ExtensibilityGlobals) = postSolution
		SolutionGuid = {082B564F-C6B3-4C2F-92B9-5605FB6CE432}
	EndGlobalSection
EndGlobal
